// !$*UTF8*$!
{
	archiveVersion = 1;
	classes = {
	};
	objectVersion = 46;
	objects = {

/* Begin PBXBuildFile section */
		DE0024B31B1BF97E00FB33D8 /* Views in Resources */ = {isa = PBXBuildFile; fileRef = DE0024B21B1BF97E00FB33D8 /* Views */; };
		DEF2F2531ADCFD1500203EB8 /* main.m in Sources */ = {isa = PBXBuildFile; fileRef = DEF2F2521ADCFD1500203EB8 /* main.m */; };
		DEF2F2561ADCFD1500203EB8 /* AppDelegate.m in Sources */ = {isa = PBXBuildFile; fileRef = DEF2F2551ADCFD1500203EB8 /* AppDelegate.m */; };
		DEF2F2591ADCFD1500203EB8 /* ViewController.m in Sources */ = {isa = PBXBuildFile; fileRef = DEF2F2581ADCFD1500203EB8 /* ViewController.m */; };
		DEF2F25C1ADCFD1500203EB8 /* Main.storyboard in Resources */ = {isa = PBXBuildFile; fileRef = DEF2F25A1ADCFD1500203EB8 /* Main.storyboard */; };
		DEF2F25E1ADCFD1500203EB8 /* Images.xcassets in Resources */ = {isa = PBXBuildFile; fileRef = DEF2F25D1ADCFD1500203EB8 /* Images.xcassets */; };
		DEF2F2611ADCFD1500203EB8 /* LaunchScreen.xib in Resources */ = {isa = PBXBuildFile; fileRef = DEF2F25F1ADCFD1500203EB8 /* LaunchScreen.xib */; };
		DEF2F26D1ADCFD1500203EB8 /* HBCustomViewTests.m in Sources */ = {isa = PBXBuildFile; fileRef = DEF2F26C1ADCFD1500203EB8 /* HBCustomViewTests.m */; };
		DEF2F2791ADCFE1800203EB8 /* HBTabbarViewController.m in Sources */ = {isa = PBXBuildFile; fileRef = DEF2F2781ADCFE1800203EB8 /* HBTabbarViewController.m */; };
		DEF2F27C1ADE0BC500203EB8 /* daijia.bundle in Resources */ = {isa = PBXBuildFile; fileRef = DEF2F27B1ADE0BC500203EB8 /* daijia.bundle */; };
		DEF2F2801ADF848800203EB8 /* HBTabBarItem.m in Sources */ = {isa = PBXBuildFile; fileRef = DEF2F27F1ADF848800203EB8 /* HBTabBarItem.m */; };
		DEF2F2831ADF907B00203EB8 /* HBBarButton.m in Sources */ = {isa = PBXBuildFile; fileRef = DEF2F2821ADF907B00203EB8 /* HBBarButton.m */; };
/* End PBXBuildFile section */

/* Begin PBXContainerItemProxy section */
		DEF2F2671ADCFD1500203EB8 /* PBXContainerItemProxy */ = {
			isa = PBXContainerItemProxy;
			containerPortal = DEF2F2451ADCFD1400203EB8 /* Project object */;
			proxyType = 1;
			remoteGlobalIDString = DEF2F24C1ADCFD1400203EB8;
			remoteInfo = HBCustomView;
		};
/* End PBXContainerItemProxy section */

/* Begin PBXFileReference section */
		DE0024B21B1BF97E00FB33D8 /* Views */ = {isa = PBXFileReference; lastKnownFileType = folder; name = Views; path = HBCustomView/Views; sourceTree = SOURCE_ROOT; };
		DEF2F24D1ADCFD1400203EB8 /* HBCustomView.app */ = {isa = PBXFileReference; explicitFileType = wrapper.application; includeInIndex = 0; path = HBCustomView.app; sourceTree = BUILT_PRODUCTS_DIR; };
		DEF2F2511ADCFD1500203EB8 /* Info.plist */ = {isa = PBXFileReference; lastKnownFileType = text.plist.xml; path = Info.plist; sourceTree = "<group>"; };
		DEF2F2521ADCFD1500203EB8 /* main.m */ = {isa = PBXFileReference; lastKnownFileType = sourcecode.c.objc; path = main.m; sourceTree = "<group>"; };
		DEF2F2541ADCFD1500203EB8 /* AppDelegate.h */ = {isa = PBXFileReference; lastKnownFileType = sourcecode.c.h; path = AppDelegate.h; sourceTree = "<group>"; };
		DEF2F2551ADCFD1500203EB8 /* AppDelegate.m */ = {isa = PBXFileReference; lastKnownFileType = sourcecode.c.objc; path = AppDelegate.m; sourceTree = "<group>"; };
		DEF2F2571ADCFD1500203EB8 /* ViewController.h */ = {isa = PBXFileReference; lastKnownFileType = sourcecode.c.h; path = ViewController.h; sourceTree = "<group>"; };
		DEF2F2581ADCFD1500203EB8 /* ViewController.m */ = {isa = PBXFileReference; lastKnownFileType = sourcecode.c.objc; path = ViewController.m; sourceTree = "<group>"; };
		DEF2F25B1ADCFD1500203EB8 /* Base */ = {isa = PBXFileReference; lastKnownFileType = file.storyboard; name = Base; path = Base.lproj/Main.storyboard; sourceTree = "<group>"; };
		DEF2F25D1ADCFD1500203EB8 /* Images.xcassets */ = {isa = PBXFileReference; lastKnownFileType = folder.assetcatalog; path = Images.xcassets; sourceTree = "<group>"; };
		DEF2F2601ADCFD1500203EB8 /* Base */ = {isa = PBXFileReference; lastKnownFileType = file.xib; name = Base; path = Base.lproj/LaunchScreen.xib; sourceTree = "<group>"; };
		DEF2F2661ADCFD1500203EB8 /* HBCustomViewTests.xctest */ = {isa = PBXFileReference; explicitFileType = wrapper.cfbundle; includeInIndex = 0; path = HBCustomViewTests.xctest; sourceTree = BUILT_PRODUCTS_DIR; };
		DEF2F26B1ADCFD1500203EB8 /* Info.plist */ = {isa = PBXFileReference; lastKnownFileType = text.plist.xml; path = Info.plist; sourceTree = "<group>"; };
		DEF2F26C1ADCFD1500203EB8 /* HBCustomViewTests.m */ = {isa = PBXFileReference; lastKnownFileType = sourcecode.c.objc; path = HBCustomViewTests.m; sourceTree = "<group>"; };
		DEF2F2771ADCFE1800203EB8 /* HBTabbarViewController.h */ = {isa = PBXFileReference; fileEncoding = 4; lastKnownFileType = sourcecode.c.h; path = HBTabbarViewController.h; sourceTree = "<group>"; };
		DEF2F2781ADCFE1800203EB8 /* HBTabbarViewController.m */ = {isa = PBXFileReference; fileEncoding = 4; lastKnownFileType = sourcecode.c.objc; path = HBTabbarViewController.m; sourceTree = "<group>"; };
		DEF2F27B1ADE0BC500203EB8 /* daijia.bundle */ = {isa = PBXFileReference; lastKnownFileType = "wrapper.plug-in"; path = daijia.bundle; sourceTree = "<group>"; };
		DEF2F27E1ADF848800203EB8 /* HBTabBarItem.h */ = {isa = PBXFileReference; fileEncoding = 4; lastKnownFileType = sourcecode.c.h; path = HBTabBarItem.h; sourceTree = "<group>"; };
		DEF2F27F1ADF848800203EB8 /* HBTabBarItem.m */ = {isa = PBXFileReference; fileEncoding = 4; lastKnownFileType = sourcecode.c.objc; path = HBTabBarItem.m; sourceTree = "<group>"; };
		DEF2F2811ADF907B00203EB8 /* HBBarButton.h */ = {isa = PBXFileReference; fileEncoding = 4; lastKnownFileType = sourcecode.c.h; path = HBBarButton.h; sourceTree = "<group>"; };
		DEF2F2821ADF907B00203EB8 /* HBBarButton.m */ = {isa = PBXFileReference; fileEncoding = 4; lastKnownFileType = sourcecode.c.objc; path = HBBarButton.m; sourceTree = "<group>"; };
/* End PBXFileReference section */

/* Begin PBXFrameworksBuildPhase section */
		DEF2F24A1ADCFD1400203EB8 /* Frameworks */ = {
			isa = PBXFrameworksBuildPhase;
			buildActionMask = 2147483647;
			files = (
			);
			runOnlyForDeploymentPostprocessing = 0;
		};
		DEF2F2631ADCFD1500203EB8 /* Frameworks */ = {
			isa = PBXFrameworksBuildPhase;
			buildActionMask = 2147483647;
			files = (
			);
			runOnlyForDeploymentPostprocessing = 0;
		};
/* End PBXFrameworksBuildPhase section */

/* Begin PBXGroup section */
		DEF2F2441ADCFD1400203EB8 = {
			isa = PBXGroup;
			children = (
				DEF2F27B1ADE0BC500203EB8 /* daijia.bundle */,
				DEF2F27D1ADF844100203EB8 /* models */,
				DE0024B21B1BF97E00FB33D8 /* Views */,
				DEF2F2761ADCFDE500203EB8 /* Controllers */,
				DEF2F24F1ADCFD1400203EB8 /* HBCustomView */,
				DEF2F2691ADCFD1500203EB8 /* HBCustomViewTests */,
				DEF2F24E1ADCFD1400203EB8 /* Products */,
			);
			sourceTree = "<group>";
		};
		DEF2F24E1ADCFD1400203EB8 /* Products */ = {
			isa = PBXGroup;
			children = (
				DEF2F24D1ADCFD1400203EB8 /* HBCustomView.app */,
				DEF2F2661ADCFD1500203EB8 /* HBCustomViewTests.xctest */,
			);
			name = Products;
			sourceTree = "<group>";
		};
		DEF2F24F1ADCFD1400203EB8 /* HBCustomView */ = {
			isa = PBXGroup;
			children = (
				DEF2F2541ADCFD1500203EB8 /* AppDelegate.h */,
				DEF2F2551ADCFD1500203EB8 /* AppDelegate.m */,
				DEF2F2571ADCFD1500203EB8 /* ViewController.h */,
				DEF2F2581ADCFD1500203EB8 /* ViewController.m */,
				DEF2F25A1ADCFD1500203EB8 /* Main.storyboard */,
				DEF2F25D1ADCFD1500203EB8 /* Images.xcassets */,
				DEF2F25F1ADCFD1500203EB8 /* LaunchScreen.xib */,
				DEF2F2501ADCFD1500203EB8 /* Supporting Files */,
			);
			path = HBCustomView;
			sourceTree = "<group>";
		};
		DEF2F2501ADCFD1500203EB8 /* Supporting Files */ = {
			isa = PBXGroup;
			children = (
				DEF2F2511ADCFD1500203EB8 /* Info.plist */,
				DEF2F2521ADCFD1500203EB8 /* main.m */,
			);
			name = "Supporting Files";
			sourceTree = "<group>";
		};
		DEF2F2691ADCFD1500203EB8 /* HBCustomViewTests */ = {
			isa = PBXGroup;
			children = (
				DEF2F26C1ADCFD1500203EB8 /* HBCustomViewTests.m */,
				DEF2F26A1ADCFD1500203EB8 /* Supporting Files */,
			);
			path = HBCustomViewTests;
			sourceTree = "<group>";
		};
		DEF2F26A1ADCFD1500203EB8 /* Supporting Files */ = {
			isa = PBXGroup;
			children = (
				DEF2F26B1ADCFD1500203EB8 /* Info.plist */,
			);
			name = "Supporting Files";
			sourceTree = "<group>";
		};
		DEF2F2761ADCFDE500203EB8 /* Controllers */ = {
			isa = PBXGroup;
			children = (
				DEF2F2771ADCFE1800203EB8 /* HBTabbarViewController.h */,
				DEF2F2781ADCFE1800203EB8 /* HBTabbarViewController.m */,
			);
			name = Controllers;
			path = HBCustomView/Controllers;
			sourceTree = "<group>";
		};
		DEF2F27D1ADF844100203EB8 /* models */ = {
			isa = PBXGroup;
			children = (
				DEF2F27E1ADF848800203EB8 /* HBTabBarItem.h */,
				DEF2F27F1ADF848800203EB8 /* HBTabBarItem.m */,
				DEF2F2811ADF907B00203EB8 /* HBBarButton.h */,
				DEF2F2821ADF907B00203EB8 /* HBBarButton.m */,
			);
			name = models;
			path = HBCustomView/models;
			sourceTree = "<group>";
		};
/* End PBXGroup section */

/* Begin PBXNativeTarget section */
		DEF2F24C1ADCFD1400203EB8 /* HBCustomView */ = {
			isa = PBXNativeTarget;
			buildConfigurationList = DEF2F2701ADCFD1500203EB8 /* Build configuration list for PBXNativeTarget "HBCustomView" */;
			buildPhases = (
				DEF2F2491ADCFD1400203EB8 /* Sources */,
				DEF2F24A1ADCFD1400203EB8 /* Frameworks */,
				DEF2F24B1ADCFD1400203EB8 /* Resources */,
			);
			buildRules = (
			);
			dependencies = (
			);
			name = HBCustomView;
			productName = HBCustomView;
			productReference = DEF2F24D1ADCFD1400203EB8 /* HBCustomView.app */;
			productType = "com.apple.product-type.application";
		};
		DEF2F2651ADCFD1500203EB8 /* HBCustomViewTests */ = {
			isa = PBXNativeTarget;
			buildConfigurationList = DEF2F2731ADCFD1500203EB8 /* Build configuration list for PBXNativeTarget "HBCustomViewTests" */;
			buildPhases = (
				DEF2F2621ADCFD1500203EB8 /* Sources */,
				DEF2F2631ADCFD1500203EB8 /* Frameworks */,
				DEF2F2641ADCFD1500203EB8 /* Resources */,
			);
			buildRules = (
			);
			dependencies = (
				DEF2F2681ADCFD1500203EB8 /* PBXTargetDependency */,
			);
			name = HBCustomViewTests;
			productName = HBCustomViewTests;
			productReference = DEF2F2661ADCFD1500203EB8 /* HBCustomViewTests.xctest */;
			productType = "com.apple.product-type.bundle.unit-test";
		};
/* End PBXNativeTarget section */

/* Begin PBXProject section */
		DEF2F2451ADCFD1400203EB8 /* Project object */ = {
			isa = PBXProject;
			attributes = {
				LastUpgradeCheck = 0620;
				ORGANIZATIONNAME = knight;
				TargetAttributes = {
					DEF2F24C1ADCFD1400203EB8 = {
						CreatedOnToolsVersion = 6.2;
					};
					DEF2F2651ADCFD1500203EB8 = {
						CreatedOnToolsVersion = 6.2;
						TestTargetID = DEF2F24C1ADCFD1400203EB8;
					};
				};
			};
			buildConfigurationList = DEF2F2481ADCFD1400203EB8 /* Build configuration list for PBXProject "HBCustomView" */;
			compatibilityVersion = "Xcode 3.2";
			developmentRegion = English;
			hasScannedForEncodings = 0;
			knownRegions = (
				en,
				Base,
			);
			mainGroup = DEF2F2441ADCFD1400203EB8;
			productRefGroup = DEF2F24E1ADCFD1400203EB8 /* Products */;
			projectDirPath = "";
			projectRoot = "";
			targets = (
				DEF2F24C1ADCFD1400203EB8 /* HBCustomView */,
				DEF2F2651ADCFD1500203EB8 /* HBCustomViewTests */,
			);
		};
/* End PBXProject section */

/* Begin PBXResourcesBuildPhase section */
		DEF2F24B1ADCFD1400203EB8 /* Resources */ = {
			isa = PBXResourcesBuildPhase;
			buildActionMask = 2147483647;
			files = (
				DEF2F25C1ADCFD1500203EB8 /* Main.storyboard in Resources */,
				DEF2F2611ADCFD1500203EB8 /* LaunchScreen.xib in Resources */,
				DEF2F25E1ADCFD1500203EB8 /* Images.xcassets in Resources */,
				DEF2F27C1ADE0BC500203EB8 /* daijia.bundle in Resources */,
				DE0024B31B1BF97E00FB33D8 /* Views in Resources */,
			);
			runOnlyForDeploymentPostprocessing = 0;
		};
		DEF2F2641ADCFD1500203EB8 /* Resources */ = {
			isa = PBXResourcesBuildPhase;
			buildActionMask = 2147483647;
			files = (
			);
			runOnlyForDeploymentPostprocessing = 0;
		};
/* End PBXResourcesBuildPhase section */

/* Begin PBXSourcesBuildPhase section */
		DEF2F2491ADCFD1400203EB8 /* Sources */ = {
			isa = PBXSourcesBuildPhase;
			buildActionMask = 2147483647;
			files = (
				DEF2F2791ADCFE1800203EB8 /* HBTabbarViewController.m in Sources */,
				DEF2F2591ADCFD1500203EB8 /* ViewController.m in Sources */,
				DEF2F2561ADCFD1500203EB8 /* AppDelegate.m in Sources */,
				DEF2F2831ADF907B00203EB8 /* HBBarButton.m in Sources */,
				DEF2F2801ADF848800203EB8 /* HBTabBarItem.m in Sources */,
				DEF2F2531ADCFD1500203EB8 /* main.m in Sources */,
			);
			runOnlyForDeploymentPostprocessing = 0;
		};
		DEF2F2621ADCFD1500203EB8 /* Sources */ = {
			isa = PBXSourcesBuildPhase;
			buildActionMask = 2147483647;
			files = (
				DEF2F26D1ADCFD1500203EB8 /* HBCustomViewTests.m in Sources */,
			);
			runOnlyForDeploymentPostprocessing = 0;
		};
/* End PBXSourcesBuildPhase section */

/* Begin PBXTargetDependency section */
		DEF2F2681ADCFD1500203EB8 /* PBXTargetDependency */ = {
			isa = PBXTargetDependency;
			target = DEF2F24C1ADCFD1400203EB8 /* HBCustomView */;
			targetProxy = DEF2F2671ADCFD1500203EB8 /* PBXContainerItemProxy */;
		};
/* End PBXTargetDependency section */

/* Begin PBXVariantGroup section */
		DEF2F25A1ADCFD1500203EB8 /* Main.storyboard */ = {
			isa = PBXVariantGroup;
			children = (
				DEF2F25B1ADCFD1500203EB8 /* Base */,
			);
			name = Main.storyboard;
			sourceTree = "<group>";
		};
		DEF2F25F1ADCFD1500203EB8 /* LaunchScreen.xib */ = {
			isa = PBXVariantGroup;
			children = (
				DEF2F2601ADCFD1500203EB8 /* Base */,
			);
			name = LaunchScreen.xib;
			sourceTree = "<group>";
		};
/* End PBXVariantGroup section */

/* Begin XCBuildConfiguration section */
		DEF2F26E1ADCFD1500203EB8 /* Debug */ = {
			isa = XCBuildConfiguration;
			buildSettings = {
				ALWAYS_SEARCH_USER_PATHS = NO;
				CLANG_CXX_LANGUAGE_STANDARD = "gnu++0x";
				CLANG_CXX_LIBRARY = "libc++";
				CLANG_ENABLE_MODULES = YES;
				CLANG_ENABLE_OBJC_ARC = YES;
				CLANG_WARN_BOOL_CONVERSION = YES;
				CLANG_WARN_CONSTANT_CONVERSION = YES;
				CLANG_WARN_DIRECT_OBJC_ISA_USAGE = YES_ERROR;
				CLANG_WARN_EMPTY_BODY = YES;
				CLANG_WARN_ENUM_CONVERSION = YES;
				CLANG_WARN_INT_CONVERSION = YES;
				CLANG_WARN_OBJC_ROOT_CLASS = YES_ERROR;
				CLANG_WARN_UNREACHABLE_CODE = YES;
				CLANG_WARN__DUPLICATE_METHOD_MATCH = YES;
				"CODE_SIGN_IDENTITY[sdk=iphoneos*]" = "iPhone Developer";
				COPY_PHASE_STRIP = NO;
				ENABLE_STRICT_OBJC_MSGSEND = YES;
				GCC_C_LANGUAGE_STANDARD = gnu99;
				GCC_DYNAMIC_NO_PIC = NO;
				GCC_OPTIMIZATION_LEVEL = 0;
				GCC_PREPROCESSOR_DEFINITIONS = (
					"DEBUG=1",
					"$(inherited)",
				);
				GCC_SYMBOLS_PRIVATE_EXTERN = NO;
				GCC_WARN_64_TO_32_BIT_CONVERSION = YES;
				GCC_WARN_ABOUT_RETURN_TYPE = YES_ERROR;
				GCC_WARN_UNDECLARED_SELECTOR = YES;
				GCC_WARN_UNINITIALIZED_AUTOS = YES_AGGRESSIVE;
				GCC_WARN_UNUSED_FUNCTION = YES;
				GCC_WARN_UNUSED_VARIABLE = YES;
				IPHONEOS_DEPLOYMENT_TARGET = 8.2;
				MTL_ENABLE_DEBUG_INFO = YES;
				ONLY_ACTIVE_ARCH = YES;
				SDKROOT = iphoneos;
			};
			name = Debug;
		};
		DEF2F26F1ADCFD1500203EB8 /* Release */ = {
			isa = XCBuildConfiguration;
			buildSettings = {
				ALWAYS_SEARCH_USER_PATHS = NO;
				CLANG_CXX_LANGUAGE_STANDARD = "gnu++0x";
				CLANG_CXX_LIBRARY = "libc++";
				CLANG_ENABLE_MODULES = YES;
				CLANG_ENABLE_OBJC_ARC = YES;
				CLANG_WARN_BOOL_CONVERSION = YES;
				CLANG_WARN_CONSTANT_CONVERSION = YES;
				CLANG_WARN_DIRECT_OBJC_ISA_USAGE = YES_ERROR;
				CLANG_WARN_EMPTY_BODY = YES;
				CLANG_WARN_ENUM_CONVERSION = YES;
				CLANG_WARN_INT_CONVERSION = YES;
				CLANG_WARN_OBJC_ROOT_CLASS = YES_ERROR;
				CLANG_WARN_UNREACHABLE_CODE = YES;
				CLANG_WARN__DUPLICATE_METHOD_MATCH = YES;
				"CODE_SIGN_IDENTITY[sdk=iphoneos*]" = "iPhone Developer";
				COPY_PHASE_STRIP = NO;
				ENABLE_NS_ASSERTIONS = NO;
				ENABLE_STRICT_OBJC_MSGSEND = YES;
				GCC_C_LANGUAGE_STANDARD = gnu99;
				GCC_WARN_64_TO_32_BIT_CONVERSION = YES;
				GCC_WARN_ABOUT_RETURN_TYPE = YES_ERROR;
				GCC_WARN_UNDECLARED_SELECTOR = YES;
				GCC_WARN_UNINITIALIZED_AUTOS = YES_AGGRESSIVE;
				GCC_WARN_UNUSED_FUNCTION = YES;
				GCC_WARN_UNUSED_VARIABLE = YES;
				IPHONEOS_DEPLOYMENT_TARGET = 8.2;
				MTL_ENABLE_DEBUG_INFO = NO;
				SDKROOT = iphoneos;
				VALIDATE_PRODUCT = YES;
			};
			name = Release;
		};
		DEF2F2711ADCFD1500203EB8 /* Debug */ = {
			isa = XCBuildConfiguration;
			buildSettings = {
				ASSETCATALOG_COMPILER_APPICON_NAME = AppIcon;
				INFOPLIST_FILE = HBCustomView/Info.plist;
				LD_RUNPATH_SEARCH_PATHS = "$(inherited) @executable_path/Frameworks";
				PRODUCT_NAME = "$(TARGET_NAME)";
			};
			name = Debug;
		};
		DEF2F2721ADCFD1500203EB8 /* Release */ = {
			isa = XCBuildConfiguration;
			buildSettings = {
				ASSETCATALOG_COMPILER_APPICON_NAME = AppIcon;
				INFOPLIST_FILE = HBCustomView/Info.plist;
				LD_RUNPATH_SEARCH_PATHS = "$(inherited) @executable_path/Frameworks";
				PRODUCT_NAME = "$(TARGET_NAME)";
			};
			name = Release;
		};
		DEF2F2741ADCFD1500203EB8 /* Debug */ = {
			isa = XCBuildConfiguration;
			buildSettings = {
				BUNDLE_LOADER = "$(TEST_HOST)";
				FRAMEWORK_SEARCH_PATHS = (
					"$(SDKROOT)/Developer/Library/Frameworks",
					"$(inherited)",
				);
				GCC_PREPROCESSOR_DEFINITIONS = (
					"DEBUG=1",
					"$(inherited)",
				);
				INFOPLIST_FILE = HBCustomViewTests/Info.plist;
				LD_RUNPATH_SEARCH_PATHS = "$(inherited) @executable_path/Frameworks @loader_path/Frameworks";
				PRODUCT_NAME = "$(TARGET_NAME)";
				TEST_HOST = "$(BUILT_PRODUCTS_DIR)/HBCustomView.app/HBCustomView";
			};
			name = Debug;
		};
		DEF2F2751ADCFD1500203EB8 /* Release */ = {
			isa = XCBuildConfiguration;
			buildSettings = {
				BUNDLE_LOADER = "$(TEST_HOST)";
				FRAMEWORK_SEARCH_PATHS = (
					"$(SDKROOT)/Developer/Library/Frameworks",
					"$(inherited)",
				);
				INFOPLIST_FILE = HBCustomViewTests/Info.plist;
				LD_RUNPATH_SEARCH_PATHS = "$(inherited) @executable_path/Frameworks @loader_path/Frameworks";
				PRODUCT_NAME = "$(TARGET_NAME)";
				TEST_HOST = "$(BUILT_PRODUCTS_DIR)/HBCustomView.app/HBCustomView";
			};
			name = Release;
		};
/* End XCBuildConfiguration section */

/* Begin XCConfigurationList section */
		DEF2F2481ADCFD1400203EB8 /* Build configuration list for PBXProject "HBCustomView" */ = {
			isa = XCConfigurationList;
			buildConfigurations = (
				DEF2F26E1ADCFD1500203EB8 /* Debug */,
				DEF2F26F1ADCFD1500203EB8 /* Release */,
			);
			defaultConfigurationIsVisible = 0;
			defaultConfigurationName = Release;
		};
		DEF2F2701ADCFD1500203EB8 /* Build configuration list for PBXNativeTarget "HBCustomView" */ = {
			isa = XCConfigurationList;
			buildConfigurations = (
				DEF2F2711ADCFD1500203EB8 /* Debug */,
				DEF2F2721ADCFD1500203EB8 /* Release */,
			);
			defaultConfigurationIsVisible = 0;
			defaultConfigurationName = Release;
		};
		DEF2F2731ADCFD1500203EB8 /* Build configuration list for PBXNativeTarget "HBCustomViewTests" */ = {
			isa = XCConfigurationList;
			buildConfigurations = (
				DEF2F2741ADCFD1500203EB8 /* Debug */,
				DEF2F2751ADCFD1500203EB8 /* Release */,
			);
			defaultConfigurationIsVisible = 0;
			defaultConfigurationName = Release;
		};
/* End XCConfigurationList section */
	};
	rootObject = DEF2F2451ADCFD1400203EB8 /* Project object */;
}
